<?xml version="1.0" encoding="utf-8"?>
<Project ToolsVersion="4.0" xmlns="http://schemas.microsoft.com/developer/msbuild/2003">
  <ItemGroup>
    <Filter Include="Source Files">
      <UniqueIdentifier>{4FC737F1-C7A5-4376-A066-2A32D752A2FF}</UniqueIdentifier>
      <Extensions>cpp;c;cc;cxx;def;odl;idl;hpj;bat;asm;asmx</Extensions>
    </Filter>
    <Filter Include="Header Files">
      <UniqueIdentifier>{93995380-89BD-4b04-88EB-625FBE52EBFB}</UniqueIdentifier>
      <Extensions>h;hpp;hxx;hm;inl;inc;xsd</Extensions>
    </Filter>
    <Filter Include="Resource Files">
      <UniqueIdentifier>{67DA6AB6-F800-4c08-8B7A-83BB121AAD01}</UniqueIdentifier>
      <Extensions>rc;ico;cur;bmp;dlg;rc2;rct;bin;rgs;gif;jpg;jpeg;jpe;resx;tiff;tif;png;wav;mfcribbon-ms</Extensions>
    </Filter>
  </ItemGroup>
  <ItemGroup>
    <ClCompile Include="winthread.cxx">
      <Filter>Resource Files</Filter>
    </ClCompile>
    <ClCompile Include="text.cxx">
      <Filter>Resource Files</Filter>
    </ClCompile>
    <ClCompile Include="winbgi.cxx">
      <Filter>Resource Files</Filter>
    </ClCompile>
    <ClCompile Include="misc.cxx">
      <Filter>Resource Files</Filter>
    </ClCompile>
    <ClCompile Include="palette.cxx">
      <Filter>Resource Files</Filter>
    </ClCompile>
    <ClCompile Include="mouse.cxx">
      <Filter>Resource Files</Filter>
    </ClCompile>
    <ClCompile Include="dibutil.cxx">
      <Filter>Resource Files</Filter>
    </ClCompile>
    <ClCompile Include="drawing.cxx">
      <Filter>Resource Files</Filter>
    </ClCompile>
    <ClCompile Include="file.cxx">
      <Filter>Resource Files</Filter>
    </ClCompile>
    <ClCompile Include="bgiout.cxx">
      <Filter>Resource Files</Filter>
    </ClCompile>
    <ClCompile Include="Circulo.cpp">
      <Filter>Source Files</Filter>
    </ClCompile>
    <ClCompile Include="Rectangulo.cpp">
      <Filter>Source Files</Filter>
    </ClCompile>
    <ClCompile Include="main.cpp">
      <Filter>Source Files</Filter>
    </ClCompile>
    <ClCompile Include="Interfaz.cpp">
      <Filter>Source Files</Filter>
    </ClCompile>
    <ClCompile Include="Camino.cpp">
      <Filter>Source Files</Filter>
    </ClCompile>
    <ClCompile Include="Laberinto.cpp">
      <Filter>Source Files</Filter>
    </ClCompile>
    <ClCompile Include="Pared.cpp">
      <Filter>Source Files</Filter>
    </ClCompile>
    <ClCompile Include="Posicion.cpp">
      <Filter>Source Files</Filter>
    </ClCompile>
    <ClCompile Include="Archivo.cpp">
      <Filter>Source Files</Filter>
    </ClCompile>
  </ItemGroup>
  <ItemGroup>
    <ClInclude Include="Camino.h">
      <Filter>Header Files</Filter>
    </ClInclude>
    <ClInclude Include="Circulo.h">
      <Filter>Header Files</Filter>
    </ClInclude>
    <ClInclude Include="Interfaz.h">
      <Filter>Header Files</Filter>
    </ClInclude>
    <ClInclude Include="Laberinto.h">
      <Filter>Header Files</Filter>
    </ClInclude>
    <ClInclude Include="Pared.h">
      <Filter>Header Files</Filter>
    </ClInclude>
    <ClInclude Include="Posicion.h">
      <Filter>Header Files</Filter>
    </ClInclude>
    <ClInclude Include="Rectangulo.h">
      <Filter>Header Files</Filter>
    </ClInclude>
    <ClInclude Include="winbgi.h">
      <Filter>Resource Files</Filter>
    </ClInclude>
    <ClInclude Include="winbgim.h">
      <Filter>Resource Files</Filter>
    </ClInclude>
    <ClInclude Include="winbgitypes.h">
      <Filter>Resource Files</Filter>
    </ClInclude>
    <ClInclude Include="graphics.h">
      <Filter>Resource Files</Filter>
    </ClInclude>
    <ClInclude Include="dibapi.h">
      <Filter>Resource Files</Filter>
    </ClInclude>
    <ClInclude Include="dibutil.h">
      <Filter>Resource Files</Filter>
    </ClInclude>
    <ClInclude Include="Comun.h">
      <Filter>Header Files</Filter>
    </ClInclude>
    <ClInclude Include="Archivo.h">
      <Filter>Header Files</Filter>
    </ClInclude>
  </ItemGroup>
</Project>